
Microsoft Visual Studio Solution File, Format Version 11.00
# Visual Studio 2010
Project("{8BC9CEB8-8B4A-11D0-8D11-00A0C91BC942}") = "Exception04", "Exception04.vcxproj", "{8052EC26-4FB8-4488-AC1A-87B6C6FA9364}"
EndProject
Global
	GlobalSection(SolutionConfigurationPlatforms) = preSolution
		Debug|Win32 = Debug|Win32
		Release|Win32 = Release|Win32
	EndGlobalSection
	GlobalSection(ProjectConfigurationPlatforms) = postSolution
		{8052EC26-4FB8-4488-AC1A-87B6C6FA9364}.Debug|Win32.ActiveCfg = Debug|Win32
		{8052EC26-4FB8-4488-AC1A-87B6C6FA9364}.Debug|Win32.Build.0 = Debug|Win32
		{8052EC26-4FB8-4488-AC1A-87B6C6FA9364}.Release|Win32.ActiveCfg = Release|Win32
		{8052EC26-4FB8-4488-AC1A-87B6C6FA9364}.Release|Win32.Build.0 = Release|Win32
	EndGlobalSection
	GlobalSection(SolutionProperties) = preSolution
		HideSolutionNode = FALSE
	EndGlobalSection
EndGlobal
