
Microsoft Visual Studio Solution File, Format Version 12.00
# Visual Studio 2013
VisualStudioVersion = 12.0.21005.1
MinimumVisualStudioVersion = 10.0.40219.1
Project("{8BC9CEB8-8B4A-11D0-8D11-00A0C91BC942}") = "OrderLookup-NoLookup", "OrderLookup-NoLookup.vcxproj", "{7829F20F-B6E3-4810-9C20-879EF0EBF825}"
EndProject
Global
	GlobalSection(SolutionConfigurationPlatforms) = preSolution
		Debug|Win32 = Debug|Win32
		Release|Win32 = Release|Win32
	EndGlobalSection
	GlobalSection(ProjectConfigurationPlatforms) = postSolution
		{7829F20F-B6E3-4810-9C20-879EF0EBF825}.Debug|Win32.ActiveCfg = Debug|Win32
		{7829F20F-B6E3-4810-9C20-879EF0EBF825}.Debug|Win32.Build.0 = Debug|Win32
		{7829F20F-B6E3-4810-9C20-879EF0EBF825}.Release|Win32.ActiveCfg = Release|Win32
		{7829F20F-B6E3-4810-9C20-879EF0EBF825}.Release|Win32.Build.0 = Release|Win32
	EndGlobalSection
	GlobalSection(SolutionProperties) = preSolution
		HideSolutionNode = FALSE
	EndGlobalSection
EndGlobal
