
Microsoft Visual Studio Solution File, Format Version 11.00
# Visual Studio 2010
Project("{8BC9CEB8-8B4A-11D0-8D11-00A0C91BC942}") = "ClassTemplateX", "ClassTemplateX.vcxproj", "{DBDA7B4B-1E5D-4813-B423-AB94A776F6AA}"
EndProject
Global
	GlobalSection(SolutionConfigurationPlatforms) = preSolution
		Debug|Win32 = Debug|Win32
		Release|Win32 = Release|Win32
	EndGlobalSection
	GlobalSection(ProjectConfigurationPlatforms) = postSolution
		{DBDA7B4B-1E5D-4813-B423-AB94A776F6AA}.Debug|Win32.ActiveCfg = Debug|Win32
		{DBDA7B4B-1E5D-4813-B423-AB94A776F6AA}.Debug|Win32.Build.0 = Debug|Win32
		{DBDA7B4B-1E5D-4813-B423-AB94A776F6AA}.Release|Win32.ActiveCfg = Release|Win32
		{DBDA7B4B-1E5D-4813-B423-AB94A776F6AA}.Release|Win32.Build.0 = Release|Win32
	EndGlobalSection
	GlobalSection(SolutionProperties) = preSolution
		HideSolutionNode = FALSE
	EndGlobalSection
EndGlobal
